// !$*UTF8*$!
{
	archiveVersion = 1;
	classes = {
	};
	objectVersion = 70;
	objects = {

/* Begin PBXBuildFile section */
		552AF7443964484AA3D2F35A /* SkinConfettiBurst.swift in Sources */ = {isa = PBXBuildFile; fileRef = 9E4B1697B91D41F1A81D3762 /* SkinConfettiBurst.swift */; };
		602CE3392F735F7C0028D0AF /* ScoringInfoModal.swift in Sources */ = {isa = PBXBuildFile; fileRef = 602CE3382F735F7C0028D0AF /* ScoringInfoModal.swift */; };
		602CE33D2F747A2F0028D0AF /* TeeTimePickerSheet.swift in Sources */ = {isa = PBXBuildFile; fileRef = 602CE33C2F747A2F0028D0AF /* TeeTimePickerSheet.swift */; };
		60385FDD2F76EC5C00FBF213 /* QuickStartSheet.swift in Sources */ = {isa = PBXBuildFile; fileRef = 60385FDC2F76EC5C00FBF213 /* QuickStartSheet.swift */; };
		60385FDF2F76EC9B00FBF213 /* GuestProfileService.swift in Sources */ = {isa = PBXBuildFile; fileRef = 60385FDE2F76EC9B00FBF213 /* GuestProfileService.swift */; };
		60385FE12F78D10200FBF213 /* ResultsShareCard.swift in Sources */ = {isa = PBXBuildFile; fileRef = 60385FE02F78D10200FBF213 /* ResultsShareCard.swift */; };
		60385FE32F78D12100FBF213 /* ShareCardRenderer.swift in Sources */ = {isa = PBXBuildFile; fileRef = 60385FE22F78D12100FBF213 /* ShareCardRenderer.swift */; };
		60385FE52F7A167800FBF213 /* SMSInviteSheet.swift in Sources */ = {isa = PBXBuildFile; fileRef = 60385FE42F7A167800FBF213 /* SMSInviteSheet.swift */; };
		6067A5C52F75E4140055DE9A /* PostHog in Frameworks */ = {isa = PBXBuildFile; productRef = 6067A5C42F75E4140055DE9A /* PostHog */; };
		6067A5C72F75E7980055DE9A /* AnalyticsService.swift in Sources */ = {isa = PBXBuildFile; fileRef = 6067A5C62F75E7980055DE9A /* AnalyticsService.swift */; };
		608DA9452F8A3A0200B69072 /* PostHog in Frameworks */ = {isa = PBXBuildFile; productRef = CT0001 /* PostHog */; };
		608DA9462F8A3A0200B69072 /* Supabase in Frameworks */ = {isa = PBXBuildFile; productRef = CT0002 /* Supabase */; };
		6096464F2F8F5D8B002F3BA9 /* WidgetKit.framework in Frameworks */ = {isa = PBXBuildFile; fileRef = 6096464E2F8F5D8B002F3BA9 /* WidgetKit.framework */; };
		609646512F8F5D8B002F3BA9 /* SwiftUI.framework in Frameworks */ = {isa = PBXBuildFile; fileRef = 609646502F8F5D8B002F3BA9 /* SwiftUI.framework */; };
		6096465E2F8F5D8D002F3BA9 /* CarryWidgetsExtension.appex in Embed Foundation Extensions */ = {isa = PBXBuildFile; fileRef = 6096464C2F8F5D8B002F3BA9 /* CarryWidgetsExtension.appex */; settings = {ATTRIBUTES = (RemoveHeadersOnCopy, ); }; };
		609646692F8F6140002F3BA9 /* LiveActivityService.swift in Sources */ = {isa = PBXBuildFile; fileRef = 609646682F8F6140002F3BA9 /* LiveActivityService.swift */; };
		70E6DD8F93DE4E9B947D2ADE /* GolfCourseService.swift in Sources */ = {isa = PBXBuildFile; fileRef = FC29B0CF11FF413AA819A069 /* GolfCourseService.swift */; };
		7F68AD8196384B3AB96CBCFF /* GuestClaimView.swift in Sources */ = {isa = PBXBuildFile; fileRef = FEC0B2BCD1224503A328768D /* GuestClaimView.swift */; };
		8F4CA1E527DB49E3A6D8B193 /* PlayerSearchService.swift in Sources */ = {isa = PBXBuildFile; fileRef = A3B7E2D419CF4FA8B1C60D72 /* PlayerSearchService.swift */; };
		95379D27DEDC14C1D60D06A4 /* VenmoLogo.swift in Sources */ = {isa = PBXBuildFile; fileRef = A298F2722FC1DED0209E5BB2 /* VenmoLogo.swift */; };
		A10001 /* CarryApp.swift in Sources */ = {isa = PBXBuildFile; fileRef = B10001 /* CarryApp.swift */; };
		A10002 /* Player.swift in Sources */ = {isa = PBXBuildFile; fileRef = B10002 /* Player.swift */; };
		A10003 /* Hole.swift in Sources */ = {isa = PBXBuildFile; fileRef = B10003 /* Hole.swift */; };
		A10004 /* SkinResult.swift in Sources */ = {isa = PBXBuildFile; fileRef = B10004 /* SkinResult.swift */; };
		A10005 /* ScoreLabel.swift in Sources */ = {isa = PBXBuildFile; fileRef = B10005 /* ScoreLabel.swift */; };
		A10006 /* RoundConfig.swift in Sources */ = {isa = PBXBuildFile; fileRef = B10006 /* RoundConfig.swift */; };
		A10007 /* RoundViewModel.swift in Sources */ = {isa = PBXBuildFile; fileRef = B10007 /* RoundViewModel.swift */; };
		A10008 /* ScorecardView.swift in Sources */ = {isa = PBXBuildFile; fileRef = B10008 /* ScorecardView.swift */; };
		A10009 /* HeaderView.swift in Sources */ = {isa = PBXBuildFile; fileRef = B10009 /* HeaderView.swift */; };
		A10010 /* CashGamesBar.swift in Sources */ = {isa = PBXBuildFile; fileRef = B10010 /* CashGamesBar.swift */; };
		A10011 /* HoleHeaderRow.swift in Sources */ = {isa = PBXBuildFile; fileRef = B10011 /* HoleHeaderRow.swift */; };
		A10012 /* PlayerRow.swift in Sources */ = {isa = PBXBuildFile; fileRef = B10012 /* PlayerRow.swift */; };
		A10013 /* SkinsRow.swift in Sources */ = {isa = PBXBuildFile; fileRef = B10013 /* SkinsRow.swift */; };
		A10014 /* ScoreInputView.swift in Sources */ = {isa = PBXBuildFile; fileRef = B10014 /* ScoreInputView.swift */; };
		A10015 /* BottomBar.swift in Sources */ = {isa = PBXBuildFile; fileRef = B10015 /* BottomBar.swift */; };
		A10016 /* PlayerAvatar.swift in Sources */ = {isa = PBXBuildFile; fileRef = B10016 /* PlayerAvatar.swift */; };
		A10017 /* SplashShape.swift in Sources */ = {isa = PBXBuildFile; fileRef = B10017 /* SplashShape.swift */; };
		A10018 /* Assets.xcassets in Resources */ = {isa = PBXBuildFile; fileRef = B10018 /* Assets.xcassets */; };
		A10019 /* Config.swift in Sources */ = {isa = PBXBuildFile; fileRef = B10021 /* Config.swift */; };
		A10020 /* SupabaseModels.swift in Sources */ = {isa = PBXBuildFile; fileRef = B10022 /* SupabaseModels.swift */; };
		A10021 /* SupabaseManager.swift in Sources */ = {isa = PBXBuildFile; fileRef = B10023 /* SupabaseManager.swift */; };
		A10022 /* AuthService.swift in Sources */ = {isa = PBXBuildFile; fileRef = B10024 /* AuthService.swift */; };
		A10023 /* RoundService.swift in Sources */ = {isa = PBXBuildFile; fileRef = B10025 /* RoundService.swift */; };
		A10024 /* AuthView.swift in Sources */ = {isa = PBXBuildFile; fileRef = B10026 /* AuthView.swift */; };
		A10025 /* Supabase in Frameworks */ = {isa = PBXBuildFile; productRef = P10002 /* Supabase */; };
		A10026 /* TeeBox.swift in Sources */ = {isa = PBXBuildFile; fileRef = B10028 /* TeeBox.swift */; };
		A10027 /* OnboardingView.swift in Sources */ = {isa = PBXBuildFile; fileRef = B10029 /* OnboardingView.swift */; };
		A10028 /* GroupManagerView.swift in Sources */ = {isa = PBXBuildFile; fileRef = B10030 /* GroupManagerView.swift */; };
		A10031 /* RoundCoordinatorView.swift in Sources */ = {isa = PBXBuildFile; fileRef = B10031 /* RoundCoordinatorView.swift */; };
		A10032 /* HomeView.swift in Sources */ = {isa = PBXBuildFile; fileRef = B10032 /* HomeView.swift */; };
		A10033 /* MainTabView.swift in Sources */ = {isa = PBXBuildFile; fileRef = B10033 /* MainTabView.swift */; };
		A10034 /* GroupsListView.swift in Sources */ = {isa = PBXBuildFile; fileRef = B10034 /* GroupsListView.swift */; };
		A10035 /* ProfileSheetView.swift in Sources */ = {isa = PBXBuildFile; fileRef = B10035 /* ProfileSheetView.swift */; };
		A10100 /* GolfBallLoader.swift in Sources */ = {isa = PBXBuildFile; fileRef = B10100 /* GolfBallLoader.swift */; };
		A20001 /* StoreService.swift in Sources */ = {isa = PBXBuildFile; fileRef = B20001 /* StoreService.swift */; };
		A20002 /* PaywallView.swift in Sources */ = {isa = PBXBuildFile; fileRef = B20002 /* PaywallView.swift */; };
		A20003 /* CarryInputModifier.swift in Sources */ = {isa = PBXBuildFile; fileRef = B20003 /* CarryInputModifier.swift */; };
		A20099 /* ScorerAssignmentView.swift in Sources */ = {isa = PBXBuildFile; fileRef = B20099 /* ScorerAssignmentView.swift */; };
		A20100 /* CarryTextField.swift in Sources */ = {isa = PBXBuildFile; fileRef = B20100 /* CarryTextField.swift */; };
		A20101 /* HandicapPickerSheet.swift in Sources */ = {isa = PBXBuildFile; fileRef = B20101 /* HandicapPickerSheet.swift */; };
		A20102 /* PlayerGroupsSheet.swift in Sources */ = {isa = PBXBuildFile; fileRef = B20102 /* PlayerGroupsSheet.swift */; };
		A20199 /* FinalResultsComponents.swift in Sources */ = {isa = PBXBuildFile; fileRef = B20199 /* FinalResultsComponents.swift */; };
		A20200 /* DisclaimerView.swift in Sources */ = {isa = PBXBuildFile; fileRef = B20200 /* DisclaimerView.swift */; };
		A20201 /* ImageCache.swift in Sources */ = {isa = PBXBuildFile; fileRef = B20201 /* ImageCache.swift */; };
		B5263A87AFF44D4C95F2CB91 /* CourseSelectionView.swift in Sources */ = {isa = PBXBuildFile; fileRef = A7A80C81F7A84402810B5460 /* CourseSelectionView.swift */; };
		C20001 /* AppRouter.swift in Sources */ = {isa = PBXBuildFile; fileRef = D20001 /* AppRouter.swift */; };
		C20002 /* GroupInviteParser.swift in Sources */ = {isa = PBXBuildFile; fileRef = D20002 /* GroupInviteParser.swift */; };
		C20005 /* ScoreInputSheet.swift in Sources */ = {isa = PBXBuildFile; fileRef = D20005 /* ScoreInputSheet.swift */; };
		C20006 /* RoundCompleteView.swift in Sources */ = {isa = PBXBuildFile; fileRef = D20006 /* RoundCompleteView.swift */; };
		C20007 /* DebugMenuView.swift in Sources */ = {isa = PBXBuildFile; fileRef = D20007 /* DebugMenuView.swift */; };
		D20008 /* LaunchSplashView.swift in Sources */ = {isa = PBXBuildFile; fileRef = D20009 /* LaunchSplashView.swift */; };
		E30001 /* GroupStorage.swift in Sources */ = {isa = PBXBuildFile; fileRef = E40001 /* GroupStorage.swift */; };
		E30002 /* ScoreStorage.swift in Sources */ = {isa = PBXBuildFile; fileRef = E40002 /* ScoreStorage.swift */; };
		E30003 /* GameEvent.swift in Sources */ = {isa = PBXBuildFile; fileRef = E40003 /* GameEvent.swift */; };
		E30004 /* GameToastView.swift in Sources */ = {isa = PBXBuildFile; fileRef = E40004 /* GameToastView.swift */; };
		E30005 /* CarryToast.swift in Sources */ = {isa = PBXBuildFile; fileRef = E40005 /* CarryToast.swift */; };
		EEF79AF1C0C64C8A9A994DFC /* GolfCourseAPI.swift in Sources */ = {isa = PBXBuildFile; fileRef = F007D3C867C846239A99A99E /* GolfCourseAPI.swift */; };
		F50001 /* TypeRamp.swift in Sources */ = {isa = PBXBuildFile; fileRef = F60001 /* TypeRamp.swift */; };
		F50002 /* DebugScenario.swift in Sources */ = {isa = PBXBuildFile; fileRef = F60002 /* DebugScenario.swift */; };
		F50099 /* CarryColors.swift in Sources */ = {isa = PBXBuildFile; fileRef = F60099 /* CarryColors.swift */; };
		F70001 /* ImageCropView.swift in Sources */ = {isa = PBXBuildFile; fileRef = F80001 /* ImageCropView.swift */; };
		F70002 /* CameraView.swift in Sources */ = {isa = PBXBuildFile; fileRef = F80002 /* CameraView.swift */; };
		F90001 /* ANDONESI.ttf in Resources */ = {isa = PBXBuildFile; fileRef = F90002 /* ANDONESI.ttf */; };
		F90003 /* ManageMembersSheet.swift in Sources */ = {isa = PBXBuildFile; fileRef = F90004 /* ManageMembersSheet.swift */; };
		GS0001 /* GroupService.swift in Sources */ = {isa = PBXBuildFile; fileRef = GS0002 /* GroupService.swift */; };
		M10002 /* MembershipRadioButton.swift in Sources */ = {isa = PBXBuildFile; fileRef = M10001 /* MembershipRadioButton.swift */; };
		N10002 /* NotificationService.swift in Sources */ = {isa = PBXBuildFile; fileRef = N10001 /* NotificationService.swift */; };
		QR0001 /* QRScannerView.swift in Sources */ = {isa = PBXBuildFile; fileRef = QR0002 /* QRScannerView.swift */; };
		S10002 /* SyncQueue.swift in Sources */ = {isa = PBXBuildFile; fileRef = S10001 /* SyncQueue.swift */; };
/* End PBXBuildFile section */

/* Begin PBXContainerItemProxy section */
		608DA9202F8A35F900B69072 /* PBXContainerItemProxy */ = {
			isa = PBXContainerItemProxy;
			containerPortal = F10001 /* Project object */;
			proxyType = 1;
			remoteGlobalIDString = D10001;
			remoteInfo = Carry;
		};
		6096465C2F8F5D8D002F3BA9 /* PBXContainerItemProxy */ = {
			isa = PBXContainerItemProxy;
			containerPortal = F10001 /* Project object */;
			proxyType = 1;
			remoteGlobalIDString = 6096464B2F8F5D8B002F3BA9;
			remoteInfo = CarryWidgetsExtension;
		};
/* End PBXContainerItemProxy section */

/* Begin PBXCopyFilesBuildPhase section */
		6096465F2F8F5D8D002F3BA9 /* Embed Foundation Extensions */ = {
			isa = PBXCopyFilesBuildPhase;
			buildActionMask = 2147483647;
			dstPath = "";
			dstSubfolderSpec = 13;
			files = (
				6096465E2F8F5D8D002F3BA9 /* CarryWidgetsExtension.appex in Embed Foundation Extensions */,
			);
			name = "Embed Foundation Extensions";
			runOnlyForDeploymentPostprocessing = 0;
		};
/* End PBXCopyFilesBuildPhase section */

/* Begin PBXFileReference section */
		602CE3382F735F7C0028D0AF /* ScoringInfoModal.swift */ = {isa = PBXFileReference; lastKnownFileType = sourcecode.swift; path = ScoringInfoModal.swift; sourceTree = "<group>"; };
		602CE33C2F747A2F0028D0AF /* TeeTimePickerSheet.swift */ = {isa = PBXFileReference; lastKnownFileType = sourcecode.swift; path = TeeTimePickerSheet.swift; sourceTree = "<group>"; };
		60385FDC2F76EC5C00FBF213 /* QuickStartSheet.swift */ = {isa = PBXFileReference; lastKnownFileType = sourcecode.swift; path = QuickStartSheet.swift; sourceTree = "<group>"; };
		60385FDE2F76EC9B00FBF213 /* GuestProfileService.swift */ = {isa = PBXFileReference; lastKnownFileType = sourcecode.swift; path = GuestProfileService.swift; sourceTree = "<group>"; };
		60385FE02F78D10200FBF213 /* ResultsShareCard.swift */ = {isa = PBXFileReference; lastKnownFileType = sourcecode.swift; path = ResultsShareCard.swift; sourceTree = "<group>"; };
		60385FE22F78D12100FBF213 /* ShareCardRenderer.swift */ = {isa = PBXFileReference; lastKnownFileType = sourcecode.swift; path = ShareCardRenderer.swift; sourceTree = "<group>"; };
		60385FE42F7A167800FBF213 /* SMSInviteSheet.swift */ = {isa = PBXFileReference; lastKnownFileType = sourcecode.swift; path = SMSInviteSheet.swift; sourceTree = "<group>"; };
		6056B3532F71DA0E00943125 /* Configuration.storekit */ = {isa = PBXFileReference; lastKnownFileType = text; name = Configuration.storekit; path = Carry/Configuration.storekit; sourceTree = "<group>"; };
		6067A5C62F75E7980055DE9A /* AnalyticsService.swift */ = {isa = PBXFileReference; lastKnownFileType = sourcecode.swift; path = AnalyticsService.swift; sourceTree = "<group>"; };
		608DA91A2F8A35F900B69072 /* CarryTests.xctest */ = {isa = PBXFileReference; explicitFileType = wrapper.cfbundle; includeInIndex = 0; path = CarryTests.xctest; sourceTree = BUILT_PRODUCTS_DIR; };
		6096464C2F8F5D8B002F3BA9 /* CarryWidgetsExtension.appex */ = {isa = PBXFileReference; explicitFileType = "wrapper.app-extension"; includeInIndex = 0; path = CarryWidgetsExtension.appex; sourceTree = BUILT_PRODUCTS_DIR; };
		6096464E2F8F5D8B002F3BA9 /* WidgetKit.framework */ = {isa = PBXFileReference; lastKnownFileType = wrapper.framework; name = WidgetKit.framework; path = System/Library/Frameworks/WidgetKit.framework; sourceTree = SDKROOT; };
		609646502F8F5D8B002F3BA9 /* SwiftUI.framework */ = {isa = PBXFileReference; lastKnownFileType = wrapper.framework; name = SwiftUI.framework; path = System/Library/Frameworks/SwiftUI.framework; sourceTree = SDKROOT; };
		609646682F8F6140002F3BA9 /* LiveActivityService.swift */ = {isa = PBXFileReference; lastKnownFileType = sourcecode.swift; path = LiveActivityService.swift; sourceTree = "<group>"; };
		9E4B1697B91D41F1A81D3762 /* SkinConfettiBurst.swift */ = {isa = PBXFileReference; lastKnownFileType = sourcecode.swift; path = SkinConfettiBurst.swift; sourceTree = "<group>"; };
		A298F2722FC1DED0209E5BB2 /* VenmoLogo.swift */ = {isa = PBXFileReference; lastKnownFileType = sourcecode.swift; path = VenmoLogo.swift; sourceTree = "<group>"; };
		A3B7E2D419CF4FA8B1C60D72 /* PlayerSearchService.swift */ = {isa = PBXFileReference; lastKnownFileType = sourcecode.swift; path = PlayerSearchService.swift; sourceTree = "<group>"; };
		A7A80C81F7A84402810B5460 /* CourseSelectionView.swift */ = {isa = PBXFileReference; lastKnownFileType = sourcecode.swift; path = CourseSelectionView.swift; sourceTree = "<group>"; };
		B10001 /* CarryApp.swift */ = {isa = PBXFileReference; lastKnownFileType = sourcecode.swift; path = CarryApp.swift; sourceTree = "<group>"; };
		B10002 /* Player.swift */ = {isa = PBXFileReference; lastKnownFileType = sourcecode.swift; path = Player.swift; sourceTree = "<group>"; };
		B10003 /* Hole.swift */ = {isa = PBXFileReference; lastKnownFileType = sourcecode.swift; path = Hole.swift; sourceTree = "<group>"; };
		B10004 /* SkinResult.swift */ = {isa = PBXFileReference; lastKnownFileType = sourcecode.swift; path = SkinResult.swift; sourceTree = "<group>"; };
		B10005 /* ScoreLabel.swift */ = {isa = PBXFileReference; lastKnownFileType = sourcecode.swift; path = ScoreLabel.swift; sourceTree = "<group>"; };
		B10006 /* RoundConfig.swift */ = {isa = PBXFileReference; lastKnownFileType = sourcecode.swift; path = RoundConfig.swift; sourceTree = "<group>"; };
		B10007 /* RoundViewModel.swift */ = {isa = PBXFileReference; lastKnownFileType = sourcecode.swift; path = RoundViewModel.swift; sourceTree = "<group>"; };
		B10008 /* ScorecardView.swift */ = {isa = PBXFileReference; lastKnownFileType = sourcecode.swift; path = ScorecardView.swift; sourceTree = "<group>"; };
		B10009 /* HeaderView.swift */ = {isa = PBXFileReference; lastKnownFileType = sourcecode.swift; path = HeaderView.swift; sourceTree = "<group>"; };
		B10010 /* CashGamesBar.swift */ = {isa = PBXFileReference; lastKnownFileType = sourcecode.swift; path = CashGamesBar.swift; sourceTree = "<group>"; };
		B10011 /* HoleHeaderRow.swift */ = {isa = PBXFileReference; lastKnownFileType = sourcecode.swift; path = HoleHeaderRow.swift; sourceTree = "<group>"; };
		B10012 /* PlayerRow.swift */ = {isa = PBXFileReference; lastKnownFileType = sourcecode.swift; path = PlayerRow.swift; sourceTree = "<group>"; };
		B10013 /* SkinsRow.swift */ = {isa = PBXFileReference; lastKnownFileType = sourcecode.swift; path = SkinsRow.swift; sourceTree = "<group>"; };
		B10014 /* ScoreInputView.swift */ = {isa = PBXFileReference; lastKnownFileType = sourcecode.swift; path = ScoreInputView.swift; sourceTree = "<group>"; };
		B10015 /* BottomBar.swift */ = {isa = PBXFileReference; lastKnownFileType = sourcecode.swift; path = BottomBar.swift; sourceTree = "<group>"; };
		B10016 /* PlayerAvatar.swift */ = {isa = PBXFileReference; lastKnownFileType = sourcecode.swift; path = PlayerAvatar.swift; sourceTree = "<group>"; };
		B10017 /* SplashShape.swift */ = {isa = PBXFileReference; lastKnownFileType = sourcecode.swift; path = SplashShape.swift; sourceTree = "<group>"; };
		B10018 /* Assets.xcassets */ = {isa = PBXFileReference; lastKnownFileType = folder.assetcatalog; path = Assets.xcassets; sourceTree = "<group>"; };
		B10019 /* Info.plist */ = {isa = PBXFileReference; lastKnownFileType = text.plist.xml; path = Info.plist; sourceTree = "<group>"; };
		B10020 /* Carry.app */ = {isa = PBXFileReference; explicitFileType = wrapper.application; includeInIndex = 0; path = Carry.app; sourceTree = BUILT_PRODUCTS_DIR; };
		B10021 /* Config.swift */ = {isa = PBXFileReference; lastKnownFileType = sourcecode.swift; path = Config.swift; sourceTree = "<group>"; };
		B10022 /* SupabaseModels.swift */ = {isa = PBXFileReference; lastKnownFileType = sourcecode.swift; path = SupabaseModels.swift; sourceTree = "<group>"; };
		B10023 /* SupabaseManager.swift */ = {isa = PBXFileReference; lastKnownFileType = sourcecode.swift; path = SupabaseManager.swift; sourceTree = "<group>"; };
		B10024 /* AuthService.swift */ = {isa = PBXFileReference; lastKnownFileType = sourcecode.swift; path = AuthService.swift; sourceTree = "<group>"; };
		B10025 /* RoundService.swift */ = {isa = PBXFileReference; lastKnownFileType = sourcecode.swift; path = RoundService.swift; sourceTree = "<group>"; };
		B10026 /* AuthView.swift */ = {isa = PBXFileReference; lastKnownFileType = sourcecode.swift; path = AuthView.swift; sourceTree = "<group>"; };
		B10027 /* Carry.entitlements */ = {isa = PBXFileReference; lastKnownFileType = text.plist.entitlements; path = Carry.entitlements; sourceTree = "<group>"; };
		B10028 /* TeeBox.swift */ = {isa = PBXFileReference; lastKnownFileType = sourcecode.swift; path = TeeBox.swift; sourceTree = "<group>"; };
		B10029 /* OnboardingView.swift */ = {isa = PBXFileReference; lastKnownFileType = sourcecode.swift; path = OnboardingView.swift; sourceTree = "<group>"; };
		B10030 /* GroupManagerView.swift */ = {isa = PBXFileReference; lastKnownFileType = sourcecode.swift; path = GroupManagerView.swift; sourceTree = "<group>"; };
		B10031 /* RoundCoordinatorView.swift */ = {isa = PBXFileReference; lastKnownFileType = sourcecode.swift; path = RoundCoordinatorView.swift; sourceTree = "<group>"; };
		B10032 /* HomeView.swift */ = {isa = PBXFileReference; lastKnownFileType = sourcecode.swift; path = HomeView.swift; sourceTree = "<group>"; };
		B10033 /* MainTabView.swift */ = {isa = PBXFileReference; lastKnownFileType = sourcecode.swift; path = MainTabView.swift; sourceTree = "<group>"; };
		B10034 /* GroupsListView.swift */ = {isa = PBXFileReference; lastKnownFileType = sourcecode.swift; path = GroupsListView.swift; sourceTree = "<group>"; };
		B10035 /* ProfileSheetView.swift */ = {isa = PBXFileReference; lastKnownFileType = sourcecode.swift; path = ProfileSheetView.swift; sourceTree = "<group>"; };
		B10100 /* GolfBallLoader.swift */ = {isa = PBXFileReference; lastKnownFileType = sourcecode.swift; path = GolfBallLoader.swift; sourceTree = "<group>"; };
		B20001 /* StoreService.swift */ = {isa = PBXFileReference; lastKnownFileType = sourcecode.swift; path = StoreService.swift; sourceTree = "<group>"; };
		B20002 /* PaywallView.swift */ = {isa = PBXFileReference; lastKnownFileType = sourcecode.swift; path = PaywallView.swift; sourceTree = "<group>"; };
		B20003 /* CarryInputModifier.swift */ = {isa = PBXFileReference; lastKnownFileType = sourcecode.swift; path = CarryInputModifier.swift; sourceTree = "<group>"; };
		B20099 /* ScorerAssignmentView.swift */ = {isa = PBXFileReference; lastKnownFileType = sourcecode.swift; path = ScorerAssignmentView.swift; sourceTree = "<group>"; };
		B20100 /* CarryTextField.swift */ = {isa = PBXFileReference; lastKnownFileType = sourcecode.swift; path = CarryTextField.swift; sourceTree = "<group>"; };
		B20101 /* HandicapPickerSheet.swift */ = {isa = PBXFileReference; lastKnownFileType = sourcecode.swift; path = HandicapPickerSheet.swift; sourceTree = "<group>"; };
		B20102 /* PlayerGroupsSheet.swift */ = {isa = PBXFileReference; lastKnownFileType = sourcecode.swift; path = PlayerGroupsSheet.swift; sourceTree = "<group>"; };
		B20199 /* FinalResultsComponents.swift */ = {isa = PBXFileReference; lastKnownFileType = sourcecode.swift; path = FinalResultsComponents.swift; sourceTree = "<group>"; };
		B20200 /* DisclaimerView.swift */ = {isa = PBXFileReference; lastKnownFileType = sourcecode.swift; path = DisclaimerView.swift; sourceTree = "<group>"; };
		B20201 /* ImageCache.swift */ = {isa = PBXFileReference; lastKnownFileType = sourcecode.swift; path = ImageCache.swift; sourceTree = "<group>"; };
		D20001 /* AppRouter.swift */ = {isa = PBXFileReference; lastKnownFileType = sourcecode.swift; path = AppRouter.swift; sourceTree = "<group>"; };
		D20002 /* GroupInviteParser.swift */ = {isa = PBXFileReference; lastKnownFileType = sourcecode.swift; path = GroupInviteParser.swift; sourceTree = "<group>"; };
		D20005 /* ScoreInputSheet.swift */ = {isa = PBXFileReference; lastKnownFileType = sourcecode.swift; path = ScoreInputSheet.swift; sourceTree = "<group>"; };
		D20006 /* RoundCompleteView.swift */ = {isa = PBXFileReference; lastKnownFileType = sourcecode.swift; path = RoundCompleteView.swift; sourceTree = "<group>"; };
		D20007 /* DebugMenuView.swift */ = {isa = PBXFileReference; lastKnownFileType = sourcecode.swift; path = DebugMenuView.swift; sourceTree = "<group>"; };
		D20009 /* LaunchSplashView.swift */ = {isa = PBXFileReference; lastKnownFileType = sourcecode.swift; path = LaunchSplashView.swift; sourceTree = "<group>"; };
		E40001 /* GroupStorage.swift */ = {isa = PBXFileReference; lastKnownFileType = sourcecode.swift; path = GroupStorage.swift; sourceTree = "<group>"; };
		E40002 /* ScoreStorage.swift */ = {isa = PBXFileReference; lastKnownFileType = sourcecode.swift; path = ScoreStorage.swift; sourceTree = "<group>"; };
		E40003 /* GameEvent.swift */ = {isa = PBXFileReference; lastKnownFileType = sourcecode.swift; path = GameEvent.swift; sourceTree = "<group>"; };
		E40004 /* GameToastView.swift */ = {isa = PBXFileReference; lastKnownFileType = sourcecode.swift; path = GameToastView.swift; sourceTree = "<group>"; };
		E40005 /* CarryToast.swift */ = {isa = PBXFileReference; lastKnownFileType = sourcecode.swift; path = CarryToast.swift; sourceTree = "<group>"; };
		F007D3C867C846239A99A99E /* GolfCourseAPI.swift */ = {isa = PBXFileReference; lastKnownFileType = sourcecode.swift; path = GolfCourseAPI.swift; sourceTree = "<group>"; };
		F60001 /* TypeRamp.swift */ = {isa = PBXFileReference; lastKnownFileType = sourcecode.swift; path = TypeRamp.swift; sourceTree = "<group>"; };
		F60002 /* DebugScenario.swift */ = {isa = PBXFileReference; lastKnownFileType = sourcecode.swift; path = DebugScenario.swift; sourceTree = "<group>"; };
		F60099 /* CarryColors.swift */ = {isa = PBXFileReference; lastKnownFileType = sourcecode.swift; path = CarryColors.swift; sourceTree = "<group>"; };
		F80001 /* ImageCropView.swift */ = {isa = PBXFileReference; lastKnownFileType = sourcecode.swift; path = ImageCropView.swift; sourceTree = "<group>"; };
		F80002 /* CameraView.swift */ = {isa = PBXFileReference; lastKnownFileType = sourcecode.swift; path = CameraView.swift; sourceTree = "<group>"; };
		F90002 /* ANDONESI.ttf */ = {isa = PBXFileReference; lastKnownFileType = file; path = ANDONESI.ttf; sourceTree = "<group>"; };
		F90004 /* ManageMembersSheet.swift */ = {isa = PBXFileReference; lastKnownFileType = sourcecode.swift; path = ManageMembersSheet.swift; sourceTree = "<group>"; };
		FC29B0CF11FF413AA819A069 /* GolfCourseService.swift */ = {isa = PBXFileReference; lastKnownFileType = sourcecode.swift; path = GolfCourseService.swift; sourceTree = "<group>"; };
		FEC0B2BCD1224503A328768D /* GuestClaimView.swift */ = {isa = PBXFileReference; lastKnownFileType = sourcecode.swift; path = GuestClaimView.swift; sourceTree = "<group>"; };
		GS0002 /* GroupService.swift */ = {isa = PBXFileReference; lastKnownFileType = sourcecode.swift; path = GroupService.swift; sourceTree = "<group>"; };
		M10001 /* MembershipRadioButton.swift */ = {isa = PBXFileReference; lastKnownFileType = sourcecode.swift; path = MembershipRadioButton.swift; sourceTree = "<group>"; };
		N10001 /* NotificationService.swift */ = {isa = PBXFileReference; lastKnownFileType = sourcecode.swift; path = NotificationService.swift; sourceTree = "<group>"; };
		QR0002 /* QRScannerView.swift */ = {isa = PBXFileReference; lastKnownFileType = sourcecode.swift; path = QRScannerView.swift; sourceTree = "<group>"; };
		S10001 /* SyncQueue.swift */ = {isa = PBXFileReference; lastKnownFileType = sourcecode.swift; path = SyncQueue.swift; sourceTree = "<group>"; };
		SC0001 /* Secrets.xcconfig */ = {isa = PBXFileReference; lastKnownFileType = text.xcconfig; path = Secrets.xcconfig; sourceTree = "<group>"; };
/* End PBXFileReference section */

/* Begin PBXFileSystemSynchronizedBuildFileExceptionSet section */
		609646622F8F5D8D002F3BA9 /* PBXFileSystemSynchronizedBuildFileExceptionSet */ = {
			isa = PBXFileSystemSynchronizedBuildFileExceptionSet;
			membershipExceptions = (
				Info.plist,
			);
			target = 6096464B2F8F5D8B002F3BA9 /* CarryWidgetsExtension */;
		};
		609646672F8F5ED1002F3BA9 /* PBXFileSystemSynchronizedBuildFileExceptionSet */ = {
			isa = PBXFileSystemSynchronizedBuildFileExceptionSet;
			membershipExceptions = (
				CarryRoundAttributes.swift,
			);
			target = D10001 /* Carry */;
		};
/* End PBXFileSystemSynchronizedBuildFileExceptionSet section */

/* Begin PBXFileSystemSynchronizedRootGroup section */
		608DA91B2F8A35F900B69072 /* CarryTests */ = {isa = PBXFileSystemSynchronizedRootGroup; explicitFileTypes = {}; explicitFolders = (); path = CarryTests; sourceTree = "<group>"; };
		609646522F8F5D8B002F3BA9 /* CarryWidgets */ = {isa = PBXFileSystemSynchronizedRootGroup; exceptions = (609646672F8F5ED1002F3BA9 /* PBXFileSystemSynchronizedBuildFileExceptionSet */, 609646622F8F5D8D002F3BA9 /* PBXFileSystemSynchronizedBuildFileExceptionSet */, ); explicitFileTypes = {}; explicitFolders = (); path = CarryWidgets; sourceTree = "<group>"; };
/* End PBXFileSystemSynchronizedRootGroup section */

/* Begin PBXFrameworksBuildPhase section */
		608DA9172F8A35F900B69072 /* Frameworks */ = {
			isa = PBXFrameworksBuildPhase;
			buildActionMask = 2147483647;
			files = (
				608DA9462F8A3A0200B69072 /* Supabase in Frameworks */,
				608DA9452F8A3A0200B69072 /* PostHog in Frameworks */,
			);
			runOnlyForDeploymentPostprocessing = 0;
		};
		609646492F8F5D8B002F3BA9 /* Frameworks */ = {
			isa = PBXFrameworksBuildPhase;
			buildActionMask = 2147483647;
			files = (
				609646512F8F5D8B002F3BA9 /* SwiftUI.framework in Frameworks */,
				6096464F2F8F5D8B002F3BA9 /* WidgetKit.framework in Frameworks */,
			);
			runOnlyForDeploymentPostprocessing = 0;
		};
		D10004 /* Frameworks */ = {
			isa = PBXFrameworksBuildPhase;
			buildActionMask = 2147483647;
			files = (
				A10025 /* Supabase in Frameworks */,
				6067A5C52F75E4140055DE9A /* PostHog in Frameworks */,
			);
			runOnlyForDeploymentPostprocessing = 0;
		};
/* End PBXFrameworksBuildPhase section */

/* Begin PBXGroup section */
		6056B3522F70CA1C00943125 /* Recovered References */ = {
			isa = PBXGroup;
			children = (
				SC0001 /* Secrets.xcconfig */,
			);
			name = "Recovered References";
			sourceTree = "<group>";
		};
		6096464D2F8F5D8B002F3BA9 /* Frameworks */ = {
			isa = PBXGroup;
			children = (
				6096464E2F8F5D8B002F3BA9 /* WidgetKit.framework */,
				609646502F8F5D8B002F3BA9 /* SwiftUI.framework */,
			);
			name = Frameworks;
			sourceTree = "<group>";
		};
		C10001 = {
			isa = PBXGroup;
			children = (
				6056B3532F71DA0E00943125 /* Configuration.storekit */,
				C10002 /* Carry */,
				608DA91B2F8A35F900B69072 /* CarryTests */,
				609646522F8F5D8B002F3BA9 /* CarryWidgets */,
				6096464D2F8F5D8B002F3BA9 /* Frameworks */,
				C10003 /* Products */,
				6056B3522F70CA1C00943125 /* Recovered References */,
				602CE33C2F747A2F0028D0AF /* TeeTimePickerSheet.swift */,
			);
			sourceTree = "<group>";
		};
		C10002 /* Carry */ = {
			isa = PBXGroup;
			children = (
				B10001 /* CarryApp.swift */,
				B10021 /* Config.swift */,
				F60001 /* TypeRamp.swift */,
				F60099 /* CarryColors.swift */,
				F60002 /* DebugScenario.swift */,
				B10027 /* Carry.entitlements */,
				C10004 /* Models */,
				C10005 /* ViewModels */,
				C10006 /* Views */,
				C10007 /* Services */,
				C10008 /* Fonts */,
				B10018 /* Assets.xcassets */,
				B10019 /* Info.plist */,
			);
			path = Carry;
			sourceTree = "<group>";
		};
		C10003 /* Products */ = {
			isa = PBXGroup;
			children = (
				B10020 /* Carry.app */,
				608DA91A2F8A35F900B69072 /* CarryTests.xctest */,
				6096464C2F8F5D8B002F3BA9 /* CarryWidgetsExtension.appex */,
			);
			name = Products;
			sourceTree = "<group>";
		};
		C10004 /* Models */ = {
			isa = PBXGroup;
			children = (
				B10002 /* Player.swift */,
				B10003 /* Hole.swift */,
				B10004 /* SkinResult.swift */,
				E40003 /* GameEvent.swift */,
				B10005 /* ScoreLabel.swift */,
				B10006 /* RoundConfig.swift */,
				B10022 /* SupabaseModels.swift */,
				B10028 /* TeeBox.swift */,
				F007D3C867C846239A99A99E /* GolfCourseAPI.swift */,
			);
			path = Models;
			sourceTree = "<group>";
		};
		C10005 /* ViewModels */ = {
			isa = PBXGroup;
			children = (
				B10007 /* RoundViewModel.swift */,
			);
			path = ViewModels;
			sourceTree = "<group>";
		};
		C10006 /* Views */ = {
			isa = PBXGroup;
			children = (
				60385FE42F7A167800FBF213 /* SMSInviteSheet.swift */,
				60385FE02F78D10200FBF213 /* ResultsShareCard.swift */,
				FEC0B2BCD1224503A328768D /* GuestClaimView.swift */,
				60385FDC2F76EC5C00FBF213 /* QuickStartSheet.swift */,
				602CE3382F735F7C0028D0AF /* ScoringInfoModal.swift */,
				B10008 /* ScorecardView.swift */,
				B10009 /* HeaderView.swift */,
				B10010 /* CashGamesBar.swift */,
				E40004 /* GameToastView.swift */,
				E40005 /* CarryToast.swift */,
				B10011 /* HoleHeaderRow.swift */,
				B10012 /* PlayerRow.swift */,
				B10013 /* SkinsRow.swift */,
				9E4B1697B91D41F1A81D3762 /* SkinConfettiBurst.swift */,
				B10014 /* ScoreInputView.swift */,
				B10015 /* BottomBar.swift */,
				M10001 /* MembershipRadioButton.swift */,
				B10016 /* PlayerAvatar.swift */,
				B10017 /* SplashShape.swift */,
				B10026 /* AuthView.swift */,
				B10029 /* OnboardingView.swift */,
				B10030 /* GroupManagerView.swift */,
				B10031 /* RoundCoordinatorView.swift */,
				B10032 /* HomeView.swift */,
				B10100 /* GolfBallLoader.swift */,
				B20003 /* CarryInputModifier.swift */,
				B20099 /* ScorerAssignmentView.swift */,
				B20199 /* FinalResultsComponents.swift */,
				B20200 /* DisclaimerView.swift */,
				B20102 /* PlayerGroupsSheet.swift */,
				B20101 /* HandicapPickerSheet.swift */,
				B20100 /* CarryTextField.swift */,
				B20002 /* PaywallView.swift */,
				B10033 /* MainTabView.swift */,
				B10034 /* GroupsListView.swift */,
				A298F2722FC1DED0209E5BB2 /* VenmoLogo.swift */,
				B10035 /* ProfileSheetView.swift */,
				A7A80C81F7A84402810B5460 /* CourseSelectionView.swift */,
				D20005 /* ScoreInputSheet.swift */,
				F90004 /* ManageMembersSheet.swift */,
				D20006 /* RoundCompleteView.swift */,
				D20007 /* DebugMenuView.swift */,
				D20009 /* LaunchSplashView.swift */,
				F80001 /* ImageCropView.swift */,
				F80002 /* CameraView.swift */,
				QR0002 /* QRScannerView.swift */,
			);
			path = Views;
			sourceTree = "<group>";
		};
		C10007 /* Services */ = {
			isa = PBXGroup;
			children = (
				609646682F8F6140002F3BA9 /* LiveActivityService.swift */,
				60385FE22F78D12100FBF213 /* ShareCardRenderer.swift */,
				60385FDE2F76EC9B00FBF213 /* GuestProfileService.swift */,
				B10023 /* SupabaseManager.swift */,
				B10024 /* AuthService.swift */,
				B20001 /* StoreService.swift */,
				S10001 /* SyncQueue.swift */,
				N10001 /* NotificationService.swift */,
				B10025 /* RoundService.swift */,
				GS0002 /* GroupService.swift */,
				B20201 /* ImageCache.swift */,
				FC29B0CF11FF413AA819A069 /* GolfCourseService.swift */,
				A3B7E2D419CF4FA8B1C60D72 /* PlayerSearchService.swift */,
				D20001 /* AppRouter.swift */,
				D20002 /* GroupInviteParser.swift */,
				E40001 /* GroupStorage.swift */,
				E40002 /* ScoreStorage.swift */,
				6067A5C62F75E7980055DE9A /* AnalyticsService.swift */,
			);
			path = Services;
			sourceTree = "<group>";
		};
		C10008 /* Fonts */ = {
			isa = PBXGroup;
			children = (
				F90002 /* ANDONESI.ttf */,
			);
			path = Fonts;
			sourceTree = "<group>";
		};
/* End PBXGroup section */

/* Begin PBXNativeTarget section */
		608DA9192F8A35F900B69072 /* CarryTests */ = {
			isa = PBXNativeTarget;
			buildConfigurationList = 608DA9242F8A35F900B69072 /* Build configuration list for PBXNativeTarget "CarryTests" */;
			buildPhases = (
				608DA9162F8A35F900B69072 /* Sources */,
				608DA9172F8A35F900B69072 /* Frameworks */,
				608DA9182F8A35F900B69072 /* Resources */,
			);
			buildRules = (
			);
			dependencies = (
				608DA9212F8A35F900B69072 /* PBXTargetDependency */,
			);
			fileSystemSynchronizedGroups = (
				608DA91B2F8A35F900B69072 /* CarryTests */,
			);
			name = CarryTests;
			packageProductDependencies = (
			);
			productName = CarryTests;
			productReference = 608DA91A2F8A35F900B69072 /* CarryTests.xctest */;
			productType = "com.apple.product-type.bundle.unit-test";
		};
		6096464B2F8F5D8B002F3BA9 /* CarryWidgetsExtension */ = {
			isa = PBXNativeTarget;
			buildConfigurationList = 609646632F8F5D8D002F3BA9 /* Build configuration list for PBXNativeTarget "CarryWidgetsExtension" */;
			buildPhases = (
				609646482F8F5D8B002F3BA9 /* Sources */,
				609646492F8F5D8B002F3BA9 /* Frameworks */,
				6096464A2F8F5D8B002F3BA9 /* Resources */,
			);
			buildRules = (
			);
			dependencies = (
			);
			fileSystemSynchronizedGroups = (
				609646522F8F5D8B002F3BA9 /* CarryWidgets */,
			);
			name = CarryWidgetsExtension;
			packageProductDependencies = (
			);
			productName = CarryWidgetsExtension;
			productReference = 6096464C2F8F5D8B002F3BA9 /* CarryWidgetsExtension.appex */;
			productType = "com.apple.product-type.app-extension";
		};
		D10001 /* Carry */ = {
			isa = PBXNativeTarget;
			buildConfigurationList = E10001 /* Build configuration list for PBXNativeTarget "Carry" */;
			buildPhases = (
				D10002 /* Sources */,
				D10004 /* Frameworks */,
				D10003 /* Resources */,
				6096465F2F8F5D8D002F3BA9 /* Embed Foundation Extensions */,
			);
			buildRules = (
			);
			dependencies = (
				6096465D2F8F5D8D002F3BA9 /* PBXTargetDependency */,
			);
			name = Carry;
			packageProductDependencies = (
				P10002 /* Supabase */,
				6067A5C42F75E4140055DE9A /* PostHog */,
			);
			productName = Carry;
			productReference = B10020 /* Carry.app */;
			productType = "com.apple.product-type.application";
		};
/* End PBXNativeTarget section */

/* Begin PBXProject section */
		F10001 /* Project object */ = {
			isa = PBXProject;
			attributes = {
				BuildIndependentTargetsInParallel = 1;
				LastSwiftUpdateCheck = 2640;
				LastUpgradeCheck = 2640;
				TargetAttributes = {
					608DA9192F8A35F900B69072 = {
						CreatedOnToolsVersion = 26.4;
						TestTargetID = D10001;
					};
					6096464B2F8F5D8B002F3BA9 = {
						CreatedOnToolsVersion = 26.4;
					};
					D10001 = {
						CreatedOnToolsVersion = 15.0;
					};
				};
			};
			buildConfigurationList = E10002 /* Build configuration list for PBXProject "Carry" */;
			compatibilityVersion = "Xcode 14.0";
			developmentRegion = en;
			hasScannedForEncodings = 0;
			knownRegions = (
				en,
				Base,
			);
			mainGroup = C10001;
			packageReferences = (
				P10001 /* XCRemoteSwiftPackageReference "supabase-swift" */,
				6067A5C32F75E4140055DE9A /* XCRemoteSwiftPackageReference "posthog-ios" */,
			);
			productRefGroup = C10003 /* Products */;
			projectDirPath = "";
			projectRoot = "";
			targets = (
				D10001 /* Carry */,
				608DA9192F8A35F900B69072 /* CarryTests */,
				6096464B2F8F5D8B002F3BA9 /* CarryWidgetsExtension */,
			);
		};
/* End PBXProject section */

/* Begin PBXResourcesBuildPhase section */
		608DA9182F8A35F900B69072 /* Resources */ = {
			isa = PBXResourcesBuildPhase;
			buildActionMask = 2147483647;
			files = (
			);
			runOnlyForDeploymentPostprocessing = 0;
		};
		6096464A2F8F5D8B002F3BA9 /* Resources */ = {
			isa = PBXResourcesBuildPhase;
			buildActionMask = 2147483647;
			files = (
			);
			runOnlyForDeploymentPostprocessing = 0;
		};
		D10003 /* Resources */ = {
			isa = PBXResourcesBuildPhase;
			buildActionMask = 2147483647;
			files = (
				A10018 /* Assets.xcassets in Resources */,
				F90001 /* ANDONESI.ttf in Resources */,
			);
			runOnlyForDeploymentPostprocessing = 0;
		};
/* End PBXResourcesBuildPhase section */

/* Begin PBXSourcesBuildPhase section */
		608DA9162F8A35F900B69072 /* Sources */ = {
			isa = PBXSourcesBuildPhase;
			buildActionMask = 2147483647;
			files = (
			);
			runOnlyForDeploymentPostprocessing = 0;
		};
		609646482F8F5D8B002F3BA9 /* Sources */ = {
			isa = PBXSourcesBuildPhase;
			buildActionMask = 2147483647;
			files = (
			);
			runOnlyForDeploymentPostprocessing = 0;
		};
		D10002 /* Sources */ = {
			isa = PBXSourcesBuildPhase;
			buildActionMask = 2147483647;
			files = (
				A10001 /* CarryApp.swift in Sources */,
				6067A5C72F75E7980055DE9A /* AnalyticsService.swift in Sources */,
				F90003 /* ManageMembersSheet.swift in Sources */,
				A10019 /* Config.swift in Sources */,
				A10002 /* Player.swift in Sources */,
				A10003 /* Hole.swift in Sources */,
				A10004 /* SkinResult.swift in Sources */,
				A10005 /* ScoreLabel.swift in Sources */,
				A10006 /* RoundConfig.swift in Sources */,
				A10020 /* SupabaseModels.swift in Sources */,
				A10007 /* RoundViewModel.swift in Sources */,
				A10021 /* SupabaseManager.swift in Sources */,
				A10022 /* AuthService.swift in Sources */,
				A20003 /* CarryInputModifier.swift in Sources */,
				A20099 /* ScorerAssignmentView.swift in Sources */,
				A20199 /* FinalResultsComponents.swift in Sources */,
				A20200 /* DisclaimerView.swift in Sources */,
				A20102 /* PlayerGroupsSheet.swift in Sources */,
				A20101 /* HandicapPickerSheet.swift in Sources */,
				A20100 /* CarryTextField.swift in Sources */,
				A20001 /* StoreService.swift in Sources */,
				A20002 /* PaywallView.swift in Sources */,
				S10002 /* SyncQueue.swift in Sources */,
				N10002 /* NotificationService.swift in Sources */,
				A10023 /* RoundService.swift in Sources */,
				GS0001 /* GroupService.swift in Sources */,
				A20201 /* ImageCache.swift in Sources */,
				60385FE12F78D10200FBF213 /* ResultsShareCard.swift in Sources */,
				7F68AD8196384B3AB96CBCFF /* GuestClaimView.swift in Sources */,
				A10008 /* ScorecardView.swift in Sources */,
				A10009 /* HeaderView.swift in Sources */,
				A10010 /* CashGamesBar.swift in Sources */,
				A10011 /* HoleHeaderRow.swift in Sources */,
				A10012 /* PlayerRow.swift in Sources */,
				A10013 /* SkinsRow.swift in Sources */,
				602CE33D2F747A2F0028D0AF /* TeeTimePickerSheet.swift in Sources */,
				552AF7443964484AA3D2F35A /* SkinConfettiBurst.swift in Sources */,
				A10014 /* ScoreInputView.swift in Sources */,
				60385FE52F7A167800FBF213 /* SMSInviteSheet.swift in Sources */,
				A10015 /* BottomBar.swift in Sources */,
				60385FE32F78D12100FBF213 /* ShareCardRenderer.swift in Sources */,
				M10002 /* MembershipRadioButton.swift in Sources */,
				A10016 /* PlayerAvatar.swift in Sources */,
				60385FDF2F76EC9B00FBF213 /* GuestProfileService.swift in Sources */,
				A10017 /* SplashShape.swift in Sources */,
				A10024 /* AuthView.swift in Sources */,
				609646692F8F6140002F3BA9 /* LiveActivityService.swift in Sources */,
				A10026 /* TeeBox.swift in Sources */,
				A10027 /* OnboardingView.swift in Sources */,
				A10028 /* GroupManagerView.swift in Sources */,
				A10031 /* RoundCoordinatorView.swift in Sources */,
				A10032 /* HomeView.swift in Sources */,
				A10100 /* GolfBallLoader.swift in Sources */,
				A10033 /* MainTabView.swift in Sources */,
				A10034 /* GroupsListView.swift in Sources */,
				95379D27DEDC14C1D60D06A4 /* VenmoLogo.swift in Sources */,
				A10035 /* ProfileSheetView.swift in Sources */,
				EEF79AF1C0C64C8A9A994DFC /* GolfCourseAPI.swift in Sources */,
				70E6DD8F93DE4E9B947D2ADE /* GolfCourseService.swift in Sources */,
				8F4CA1E527DB49E3A6D8B193 /* PlayerSearchService.swift in Sources */,
				B5263A87AFF44D4C95F2CB91 /* CourseSelectionView.swift in Sources */,
				C20001 /* AppRouter.swift in Sources */,
				C20002 /* GroupInviteParser.swift in Sources */,
				C20005 /* ScoreInputSheet.swift in Sources */,
				C20006 /* RoundCompleteView.swift in Sources */,
				C20007 /* DebugMenuView.swift in Sources */,
				D20008 /* LaunchSplashView.swift in Sources */,
				E30001 /* GroupStorage.swift in Sources */,
				E30002 /* ScoreStorage.swift in Sources */,
				E30003 /* GameEvent.swift in Sources */,
				E30004 /* GameToastView.swift in Sources */,
				60385FDD2F76EC5C00FBF213 /* QuickStartSheet.swift in Sources */,
				E30005 /* CarryToast.swift in Sources */,
				F50001 /* TypeRamp.swift in Sources */,
				F50099 /* CarryColors.swift in Sources */,
				F50002 /* DebugScenario.swift in Sources */,
				F70001 /* ImageCropView.swift in Sources */,
				F70002 /* CameraView.swift in Sources */,
				QR0001 /* QRScannerView.swift in Sources */,
				602CE3392F735F7C0028D0AF /* ScoringInfoModal.swift in Sources */,
			);
			runOnlyForDeploymentPostprocessing = 0;
		};
/* End PBXSourcesBuildPhase section */

/* Begin PBXTargetDependency section */
		608DA9212F8A35F900B69072 /* PBXTargetDependency */ = {
			isa = PBXTargetDependency;
			target = D10001 /* Carry */;
			targetProxy = 608DA9202F8A35F900B69072 /* PBXContainerItemProxy */;
		};
		6096465D2F8F5D8D002F3BA9 /* PBXTargetDependency */ = {
			isa = PBXTargetDependency;
			target = 6096464B2F8F5D8B002F3BA9 /* CarryWidgetsExtension */;
			targetProxy = 6096465C2F8F5D8D002F3BA9 /* PBXContainerItemProxy */;
		};
/* End PBXTargetDependency section */

/* Begin XCBuildConfiguration section */
		608DA9222F8A35F900B69072 /* Debug */ = {
			isa = XCBuildConfiguration;
			buildSettings = {
				BUNDLE_LOADER = "$(TEST_HOST)";
				CLANG_CXX_LANGUAGE_STANDARD = "gnu++20";
				CLANG_ENABLE_OBJC_WEAK = YES;
				CLANG_WARN_UNGUARDED_AVAILABILITY = YES_AGGRESSIVE;
				CODE_SIGN_STYLE = Automatic;
				CURRENT_PROJECT_VERSION = 1;
				GCC_C_LANGUAGE_STANDARD = gnu17;
				GCC_WARN_UNDECLARED_SELECTOR = YES;
				GENERATE_INFOPLIST_FILE = YES;
				IPHONEOS_DEPLOYMENT_TARGET = 17.0;
				MARKETING_VERSION = 1.0.2;
				PRODUCT_BUNDLE_IDENTIFIER = com.diverseawareness.CarryTests;
				PRODUCT_NAME = "$(TARGET_NAME)";
				SDKROOT = iphoneos;
				STRING_CATALOG_GENERATE_SYMBOLS = NO;
				SWIFT_ACTIVE_COMPILATION_CONDITIONS = "DEBUG $(inherited)";
				SWIFT_APPROACHABLE_CONCURRENCY = YES;
				SWIFT_EMIT_LOC_STRINGS = NO;
				SWIFT_UPCOMING_FEATURE_MEMBER_IMPORT_VISIBILITY = YES;
				SWIFT_VERSION = 5.0;
				TARGETED_DEVICE_FAMILY = 1;
				TEST_HOST = "$(BUILT_PRODUCTS_DIR)/Carry.app/$(BUNDLE_EXECUTABLE_FOLDER_PATH)/Carry";
				TEST_TARGET_NAME = Carry;
			};
			name = Debug;
		};
		608DA9232F8A35F900B69072 /* Release */ = {
			isa = XCBuildConfiguration;
			buildSettings = {
				BUNDLE_LOADER = "$(TEST_HOST)";
				CLANG_CXX_LANGUAGE_STANDARD = "gnu++20";
				CLANG_ENABLE_OBJC_WEAK = YES;
				CLANG_WARN_UNGUARDED_AVAILABILITY = YES_AGGRESSIVE;
				CODE_SIGN_STYLE = Automatic;
				CURRENT_PROJECT_VERSION = 1;
				GCC_C_LANGUAGE_STANDARD = gnu17;
				GCC_WARN_UNDECLARED_SELECTOR = YES;
				GENERATE_INFOPLIST_FILE = YES;
				IPHONEOS_DEPLOYMENT_TARGET = 17.0;
				MARKETING_VERSION = 1.0.2;
				PRODUCT_BUNDLE_IDENTIFIER = com.diverseawareness.CarryTests;
				PRODUCT_NAME = "$(TARGET_NAME)";
				SDKROOT = iphoneos;
				STRING_CATALOG_GENERATE_SYMBOLS = NO;
				SWIFT_APPROACHABLE_CONCURRENCY = YES;
				SWIFT_EMIT_LOC_STRINGS = NO;
				SWIFT_UPCOMING_FEATURE_MEMBER_IMPORT_VISIBILITY = YES;
				SWIFT_VERSION = 5.0;
				TARGETED_DEVICE_FAMILY = 1;
				TEST_HOST = "$(BUILT_PRODUCTS_DIR)/Carry.app/$(BUNDLE_EXECUTABLE_FOLDER_PATH)/Carry";
				TEST_TARGET_NAME = Carry;
				VALIDATE_PRODUCT = YES;
			};
			name = Release;
		};
		609646602F8F5D8D002F3BA9 /* Debug */ = {
			isa = XCBuildConfiguration;
			buildSettings = {
				ASSETCATALOG_COMPILER_GLOBAL_ACCENT_COLOR_NAME = AccentColor;
				ASSETCATALOG_COMPILER_WIDGET_BACKGROUND_COLOR_NAME = WidgetBackground;
				CLANG_CXX_LANGUAGE_STANDARD = "gnu++20";
				CLANG_ENABLE_OBJC_WEAK = YES;
				CLANG_WARN_UNGUARDED_AVAILABILITY = YES_AGGRESSIVE;
				CODE_SIGN_IDENTITY = "Apple Development";
				CODE_SIGN_STYLE = Automatic;
				CURRENT_PROJECT_VERSION = 60;
				GCC_C_LANGUAGE_STANDARD = gnu17;
				GENERATE_INFOPLIST_FILE = YES;
				INFOPLIST_FILE = CarryWidgets/Info.plist;
				INFOPLIST_KEY_CFBundleDisplayName = CarryWidgets;
				INFOPLIST_KEY_NSHumanReadableCopyright = "";
				IPHONEOS_DEPLOYMENT_TARGET = 17.0;
				LD_RUNPATH_SEARCH_PATHS = (
					"$(inherited)",
					"@executable_path/Frameworks",
					"@executable_path/../../Frameworks",
				);
				MARKETING_VERSION = 1.0.2;
				PRODUCT_BUNDLE_IDENTIFIER = com.diverseawareness.carry.CarryWidgets;
				PRODUCT_NAME = "$(TARGET_NAME)";
				SDKROOT = iphoneos;
				SKIP_INSTALL = YES;
				STRING_CATALOG_GENERATE_SYMBOLS = YES;
				SWIFT_ACTIVE_COMPILATION_CONDITIONS = "DEBUG $(inherited)";
				SWIFT_APPROACHABLE_CONCURRENCY = YES;
				SWIFT_EMIT_LOC_STRINGS = YES;
				SWIFT_UPCOMING_FEATURE_MEMBER_IMPORT_VISIBILITY = YES;
				SWIFT_VERSION = 5.0;
				TARGETED_DEVICE_FAMILY = "1,2";
			};
			name = Debug;
		};
		609646612F8F5D8D002F3BA9 /* Release */ = {
			isa = XCBuildConfiguration;
			buildSettings = {
				ASSETCATALOG_COMPILER_GLOBAL_ACCENT_COLOR_NAME = AccentColor;
				ASSETCATALOG_COMPILER_WIDGET_BACKGROUND_COLOR_NAME = WidgetBackground;
				CLANG_CXX_LANGUAGE_STANDARD = "gnu++20";
				CLANG_ENABLE_OBJC_WEAK = YES;
				CLANG_WARN_UNGUARDED_AVAILABILITY = YES_AGGRESSIVE;
				CODE_SIGN_IDENTITY = "Apple Development";
				CODE_SIGN_STYLE = Automatic;
				CURRENT_PROJECT_VERSION = 60;
				GCC_C_LANGUAGE_STANDARD = gnu17;
				GENERATE_INFOPLIST_FILE = YES;
				INFOPLIST_FILE = CarryWidgets/Info.plist;
				INFOPLIST_KEY_CFBundleDisplayName = CarryWidgets;
				INFOPLIST_KEY_NSHumanReadableCopyright = "";
				IPHONEOS_DEPLOYMENT_TARGET = 17.0;
				LD_RUNPATH_SEARCH_PATHS = (
					"$(inherited)",
					"@executable_path/Frameworks",
					"@executable_path/../../Frameworks",
				);
				MARKETING_VERSION = 1.0.2;
				PRODUCT_BUNDLE_IDENTIFIER = com.diverseawareness.carry.CarryWidgets;
				PRODUCT_NAME = "$(TARGET_NAME)";
				SDKROOT = iphoneos;
				SKIP_INSTALL = YES;
				STRING_CATALOG_GENERATE_SYMBOLS = YES;
				SWIFT_APPROACHABLE_CONCURRENCY = YES;
				SWIFT_EMIT_LOC_STRINGS = YES;
				SWIFT_UPCOMING_FEATURE_MEMBER_IMPORT_VISIBILITY = YES;
				SWIFT_VERSION = 5.0;
				TARGETED_DEVICE_FAMILY = "1,2";
				VALIDATE_PRODUCT = YES;
			};
			name = Release;
		};
		G10001 /* Debug */ = {
			isa = XCBuildConfiguration;
			buildSettings = {
				ASSETCATALOG_COMPILER_APPICON_NAME = AppIcon;
				ASSETCATALOG_COMPILER_GLOBAL_ACCENT_COLOR_NAME = AccentColor;
				CODE_SIGN_ENTITLEMENTS = Carry/Carry.entitlements;
				CODE_SIGN_IDENTITY = "Apple Development";
				CODE_SIGN_STYLE = Automatic;
				CURRENT_PROJECT_VERSION = 60;
				INFOPLIST_FILE = Carry/Info.plist;
				INFOPLIST_KEY_UIApplicationSceneManifest_Generation = YES;
				INFOPLIST_KEY_UIApplicationSupportsIndirectInputEvents = YES;
				IPHONEOS_DEPLOYMENT_TARGET = 17.0;
				LD_RUNPATH_SEARCH_PATHS = (
					"$(inherited)",
					"@executable_path/Frameworks",
				);
				MARKETING_VERSION = 1.0.2;
				PRODUCT_BUNDLE_IDENTIFIER = com.diverseawareness.carry;
				PRODUCT_NAME = "$(TARGET_NAME)";
				PROVISIONING_PROFILE_SPECIFIER = "";
				SDKROOT = iphoneos;
				SWIFT_EMIT_LOC_STRINGS = YES;
				SWIFT_VERSION = 5.0;
				TARGETED_DEVICE_FAMILY = 1;
			};
			name = Debug;
		};
		G10002 /* Release */ = {
			isa = XCBuildConfiguration;
			buildSettings = {
				ASSETCATALOG_COMPILER_APPICON_NAME = AppIcon;
				ASSETCATALOG_COMPILER_GLOBAL_ACCENT_COLOR_NAME = AccentColor;
				CODE_SIGN_ENTITLEMENTS = Carry/Carry.entitlements;
				CODE_SIGN_IDENTITY = "Apple Development";
				CODE_SIGN_STYLE = Automatic;
				CURRENT_PROJECT_VERSION = 60;
				INFOPLIST_FILE = Carry/Info.plist;
				INFOPLIST_KEY_UIApplicationSceneManifest_Generation = YES;
				INFOPLIST_KEY_UIApplicationSupportsIndirectInputEvents = YES;
				IPHONEOS_DEPLOYMENT_TARGET = 17.0;
				LD_RUNPATH_SEARCH_PATHS = (
					"$(inherited)",
					"@executable_path/Frameworks",
				);
				MARKETING_VERSION = 1.0.2;
				PRODUCT_BUNDLE_IDENTIFIER = com.diverseawareness.carry;
				PRODUCT_NAME = "$(TARGET_NAME)";
				PROVISIONING_PROFILE_SPECIFIER = "";
				SDKROOT = iphoneos;
				SWIFT_EMIT_LOC_STRINGS = YES;
				SWIFT_VERSION = 5.0;
				TARGETED_DEVICE_FAMILY = 1;
				VALIDATE_PRODUCT = YES;
			};
			name = Release;
		};
		G10003 /* Debug */ = {
			isa = XCBuildConfiguration;
			baseConfigurationReference = SC0001 /* Secrets.xcconfig */;
			buildSettings = {
				ALWAYS_SEARCH_USER_PATHS = NO;
				ASSETCATALOG_COMPILER_GENERATE_SWIFT_ASSET_SYMBOL_EXTENSIONS = YES;
				CLANG_ANALYZER_NONNULL = YES;
				CLANG_ANALYZER_NUMBER_OBJECT_CONVERSION = YES_AGGRESSIVE;
				CLANG_CXX_LANGUAGE_DIALECT = "c++20";
				CLANG_CXX_LIBRARY = "libc++";
				CLANG_ENABLE_MODULES = YES;
				CLANG_ENABLE_OBJC_ARC = YES;
				CLANG_WARN_BLOCK_CAPTURE_AUTORELEASING = YES;
				CLANG_WARN_BOOL_CONVERSION = YES;
				CLANG_WARN_COMMA = YES;
				CLANG_WARN_CONSTANT_CONVERSION = YES;
				CLANG_WARN_DEPRECATED_OBJC_IMPLEMENTATIONS = YES;
				CLANG_WARN_DIRECT_OBJC_ISA_USAGE = YES_ERROR;
				CLANG_WARN_DOCUMENTATION_COMMENTS = YES;
				CLANG_WARN_EMPTY_BODY = YES;
				CLANG_WARN_ENUM_CONVERSION = YES;
				CLANG_WARN_INFINITE_RECURSION = YES;
				CLANG_WARN_INT_CONVERSION = YES;
				CLANG_WARN_NON_LITERAL_NULL_CONVERSION = YES;
				CLANG_WARN_OBJC_IMPLICIT_RETAIN_SELF = YES;
				CLANG_WARN_OBJC_LITERAL_CONVERSION = YES;
				CLANG_WARN_OBJC_ROOT_CLASS = YES_ERROR;
				CLANG_WARN_QUOTED_INCLUDE_IN_FRAMEWORK_HEADER = YES;
				CLANG_WARN_RANGE_LOOP_ANALYSIS = YES;
				CLANG_WARN_STRICT_PROTOTYPES = YES;
				CLANG_WARN_SUSPICIOUS_MOVE = YES;
				CLANG_WARN_UNREACHABLE_CODE = YES;
				CLANG_WARN__DUPLICATE_METHOD_MATCH = YES;
				COPY_PHASE_STRIP = NO;
				DEAD_CODE_STRIPPING = YES;
				DEBUG_INFORMATION_FORMAT = dwarf;
				DEVELOPMENT_TEAM = 4HC6HD76J4;
				ENABLE_STRICT_OBJC_MSGSEND = YES;
				ENABLE_TESTABILITY = YES;
				ENABLE_USER_SCRIPT_SANDBOXING = YES;
				GCC_C_LANGUAGE_DIALECT = gnu17;
				GCC_DYNAMIC_NO_PIC = NO;
				GCC_NO_COMMON_BLOCKS = YES;
				GCC_OPTIMIZATION_LEVEL = 0;
				GCC_PREPROCESSOR_DEFINITIONS = (
					"DEBUG=1",
					"$(inherited)",
				);
				GCC_WARN_64_TO_32_BIT_CONVERSION = YES;
				GCC_WARN_ABOUT_RETURN_TYPE = YES_ERROR;
				GCC_WARN_UNDECLARED_SELECTOR = YES;
				GCC_WARN_UNINITIALIZED_AUTOS = YES_AGGRESSIVE;
				GCC_WARN_UNUSED_FUNCTION = YES;
				GCC_WARN_UNUSED_VARIABLE = YES;
				LOCALIZATION_PREFERS_STRING_CATALOGS = YES;
				MTL_ENABLE_DEBUG_INFO = INCLUDE_SOURCE;
				MTL_FAST_MATH = YES;
				ONLY_ACTIVE_ARCH = YES;
				STRING_CATALOG_GENERATE_SYMBOLS = YES;
				SWIFT_ACTIVE_COMPILATION_CONDITIONS = "$(inherited) DEBUG";
				SWIFT_OPTIMIZATION_LEVEL = "-Onone";
			};
			name = Debug;
		};
		G10004 /* Release */ = {
			isa = XCBuildConfiguration;
			baseConfigurationReference = SC0001 /* Secrets.xcconfig */;
			buildSettings = {
				ALWAYS_SEARCH_USER_PATHS = NO;
				ASSETCATALOG_COMPILER_GENERATE_SWIFT_ASSET_SYMBOL_EXTENSIONS = YES;
				CLANG_ANALYZER_NONNULL = YES;
				CLANG_ANALYZER_NUMBER_OBJECT_CONVERSION = YES_AGGRESSIVE;
				CLANG_CXX_LANGUAGE_DIALECT = "c++20";
				CLANG_CXX_LIBRARY = "libc++";
				CLANG_ENABLE_MODULES = YES;
				CLANG_ENABLE_OBJC_ARC = YES;
				CLANG_WARN_BLOCK_CAPTURE_AUTORELEASING = YES;
				CLANG_WARN_BOOL_CONVERSION = YES;
				CLANG_WARN_COMMA = YES;
				CLANG_WARN_CONSTANT_CONVERSION = YES;
				CLANG_WARN_DEPRECATED_OBJC_IMPLEMENTATIONS = YES;
				CLANG_WARN_DIRECT_OBJC_ISA_USAGE = YES_ERROR;
				CLANG_WARN_DOCUMENTATION_COMMENTS = YES;
				CLANG_WARN_EMPTY_BODY = YES;
				CLANG_WARN_ENUM_CONVERSION = YES;
				CLANG_WARN_INFINITE_RECURSION = YES;
				CLANG_WARN_INT_CONVERSION = YES;
				CLANG_WARN_NON_LITERAL_NULL_CONVERSION = YES;
				CLANG_WARN_OBJC_IMPLICIT_RETAIN_SELF = YES;
				CLANG_WARN_OBJC_LITERAL_CONVERSION = YES;
				CLANG_WARN_OBJC_ROOT_CLASS = YES_ERROR;
				CLANG_WARN_QUOTED_INCLUDE_IN_FRAMEWORK_HEADER = YES;
				CLANG_WARN_RANGE_LOOP_ANALYSIS = YES;
				CLANG_WARN_STRICT_PROTOTYPES = YES;
				CLANG_WARN_SUSPICIOUS_MOVE = YES;
				CLANG_WARN_UNREACHABLE_CODE = YES;
				CLANG_WARN__DUPLICATE_METHOD_MATCH = YES;
				COPY_PHASE_STRIP = NO;
				DEAD_CODE_STRIPPING = YES;
				DEBUG_INFORMATION_FORMAT = "dwarf-with-dsym";
				DEVELOPMENT_TEAM = 4HC6HD76J4;
				ENABLE_NS_ASSERTIONS = NO;
				ENABLE_STRICT_OBJC_MSGSEND = YES;
				ENABLE_USER_SCRIPT_SANDBOXING = YES;
				GCC_C_LANGUAGE_DIALECT = gnu17;
				GCC_NO_COMMON_BLOCKS = YES;
				GCC_WARN_64_TO_32_BIT_CONVERSION = YES;
				GCC_WARN_ABOUT_RETURN_TYPE = YES_ERROR;
				GCC_WARN_UNDECLARED_SELECTOR = YES;
				GCC_WARN_UNINITIALIZED_AUTOS = YES_AGGRESSIVE;
				GCC_WARN_UNUSED_FUNCTION = YES;
				GCC_WARN_UNUSED_VARIABLE = YES;
				LOCALIZATION_PREFERS_STRING_CATALOGS = YES;
				MTL_ENABLE_DEBUG_INFO = NO;
				MTL_FAST_MATH = YES;
				STRING_CATALOG_GENERATE_SYMBOLS = YES;
				SWIFT_COMPILATION_MODE = wholemodule;
			};
			name = Release;
		};
/* End XCBuildConfiguration section */

/* Begin XCConfigurationList section */
		608DA9242F8A35F900B69072 /* Build configuration list for PBXNativeTarget "CarryTests" */ = {
			isa = XCConfigurationList;
			buildConfigurations = (
				608DA9222F8A35F900B69072 /* Debug */,
				608DA9232F8A35F900B69072 /* Release */,
			);
			defaultConfigurationIsVisible = 0;
			defaultConfigurationName = Release;
		};
		609646632F8F5D8D002F3BA9 /* Build configuration list for PBXNativeTarget "CarryWidgetsExtension" */ = {
			isa = XCConfigurationList;
			buildConfigurations = (
				609646602F8F5D8D002F3BA9 /* Debug */,
				609646612F8F5D8D002F3BA9 /* Release */,
			);
			defaultConfigurationIsVisible = 0;
			defaultConfigurationName = Release;
		};
		E10001 /* Build configuration list for PBXNativeTarget "Carry" */ = {
			isa = XCConfigurationList;
			buildConfigurations = (
				G10001 /* Debug */,
				G10002 /* Release */,
			);
			defaultConfigurationIsVisible = 0;
			defaultConfigurationName = Release;
		};
		E10002 /* Build configuration list for PBXProject "Carry" */ = {
			isa = XCConfigurationList;
			buildConfigurations = (
				G10003 /* Debug */,
				G10004 /* Release */,
			);
			defaultConfigurationIsVisible = 0;
			defaultConfigurationName = Release;
		};
/* End XCConfigurationList section */

/* Begin XCRemoteSwiftPackageReference section */
		6067A5C32F75E4140055DE9A /* XCRemoteSwiftPackageReference "posthog-ios" */ = {
			isa = XCRemoteSwiftPackageReference;
			repositoryURL = "https://github.com/PostHog/posthog-ios.git";
			requirement = {
				kind = upToNextMajorVersion;
				minimumVersion = 3.48.2;
			};
		};
		P10001 /* XCRemoteSwiftPackageReference "supabase-swift" */ = {
			isa = XCRemoteSwiftPackageReference;
			repositoryURL = "https://github.com/supabase/supabase-swift.git";
			requirement = {
				kind = upToNextMajorVersion;
				minimumVersion = 2.0.0;
			};
		};
/* End XCRemoteSwiftPackageReference section */

/* Begin XCSwiftPackageProductDependency section */
		6067A5C42F75E4140055DE9A /* PostHog */ = {
			isa = XCSwiftPackageProductDependency;
			package = 6067A5C32F75E4140055DE9A /* XCRemoteSwiftPackageReference "posthog-ios" */;
			productName = PostHog;
		};
		CT0001 /* PostHog */ = {
			isa = XCSwiftPackageProductDependency;
			package = 6067A5C32F75E4140055DE9A /* XCRemoteSwiftPackageReference "posthog-ios" */;
			productName = PostHog;
		};
		CT0002 /* Supabase */ = {
			isa = XCSwiftPackageProductDependency;
			package = P10001 /* XCRemoteSwiftPackageReference "supabase-swift" */;
			productName = Supabase;
		};
		P10002 /* Supabase */ = {
			isa = XCSwiftPackageProductDependency;
			package = P10001 /* XCRemoteSwiftPackageReference "supabase-swift" */;
			productName = Supabase;
		};
/* End XCSwiftPackageProductDependency section */
	};
	rootObject = F10001 /* Project object */;
}
